{
  "requires": true,
  "lockfileVersion": 1,
  "dependencies": {
    "@vimeo/player": {
      "version": "2.15.3",
      "resolved": "https://registry.npmjs.org/@vimeo/player/-/player-2.15.3.tgz",
      "integrity": "sha512-pLOFTKYL6N3wUKj5WpCF5pNGHov/3MausV9tKWXP6ko7+mq4pvlSJLSHCn1vokN71USSwHFnOaZjcMMjK6R79g==",
      "requires": {
        "native-promise-only": "0.8.1",
        "weakmap-polyfill": "2.0.1"
      }
    },
    "native-promise-only": {
      "version": "0.8.1",
      "resolved": "https://registry.npmjs.org/native-promise-only/-/native-promise-only-0.8.1.tgz",
      "integrity": "sha1-IKMYwwy0X3H+et+/eyHJnBRy7xE="
    },
    "object-assign": {
      "version": "4.1.1",
      "resolved": "https://registry.npmjs.org/object-assign/-/object-assign-4.1.1.tgz",
      "integrity": "sha1-IQmtx5ZYh8/AXLvUQsrIv7s2CGM="
    },
    "vue-vimeo-player": {
      "version": "0.2.2",
      "resolved": "https://registry.npmjs.org/vue-vimeo-player/-/vue-vimeo-player-0.2.2.tgz",
      "integrity": "sha512-d8yCKv45LfMxP2aIZ+e9nO5eV58PEoaM6wrohBUtdXVr+Seo5HfigqE33wUKeh7oXdb2m9Vv8djEY+QDcnE4Kw==",
      "requires": {
        "@vimeo/player": "^2.14.1",
        "object-assign": "^4.1.1"
      }
    },
    "weakmap-polyfill": {
      "version": "2.0.1",
      "resolved": "https://registry.npmjs.org/weakmap-polyfill/-/weakmap-polyfill-2.0.1.tgz",
      "integrity": "sha512-Jy177Lvb1LCrPQDWJsXyyqf4eOhcdvQHFGoCqSv921kVF5i42MVbr4e2WEwetuTLBn1NX0IhPzTmMu0N3cURqQ=="
    }
  }
}
